
Microsoft Visual Studio Solution File, Format Version 12.00
# Visual Studio Version 17
VisualStudioVersion = 17.3.32929.385
MinimumVisualStudioVersion = 10.0.40219.1
Project("{FAE04EC0-301F-11D3-BF4B-00C04F79EFBC}") = "DoAn1HTTT0120", "DoAn1HTTT0120.csproj", "{AA563EFE-D0A9-4C0A-8151-E4F4D04A2A5A}"
EndProject
Global
	GlobalSection(SolutionConfigurationPlatforms) = preSolution
		Debug|Any CPU = Debug|Any CPU
		Release|Any CPU = Release|Any CPU
	EndGlobalSection
	GlobalSection(ProjectConfigurationPlatforms) = postSolution
		{AA563EFE-D0A9-4C0A-8151-E4F4D04A2A5A}.Debug|Any CPU.ActiveCfg = Debug|Any CPU
		{AA563EFE-D0A9-4C0A-8151-E4F4D04A2A5A}.Debug|Any CPU.Build.0 = Debug|Any CPU
		{AA563EFE-D0A9-4C0A-8151-E4F4D04A2A5A}.Release|Any CPU.ActiveCfg = Release|Any CPU
		{AA563EFE-D0A9-4C0A-8151-E4F4D04A2A5A}.Release|Any CPU.Build.0 = Release|Any CPU
	EndGlobalSection
	GlobalSection(SolutionProperties) = preSolution
		HideSolutionNode = FALSE
	EndGlobalSection
	GlobalSection(ExtensibilityGlobals) = postSolution
		SolutionGuid = {EE2D94A3-7679-4EEE-8AB0-A8CAAE950730}
	EndGlobalSection
EndGlobal
